
Microsoft Visual Studio Solution File, Format Version 12.00
# Visual Studio Version 16
VisualStudioVersion = 16.0.31321.278
MinimumVisualStudioVersion = 10.0.40219.1
Project("{FAE04EC0-301F-11D3-BF4B-00C04F79EFBC}") = "BallScanner", "BallScanner\BallScanner.csproj", "{BCB28185-3D09-4D8E-9D20-3AEA8007F37D}"
EndProject
Project("{FAE04EC0-301F-11D3-BF4B-00C04F79EFBC}") = "Joel.Controls", "Joel.Controls\Joel.Controls.csproj", "{3262D2F3-FD20-4EC6-84F6-12AE3CB5601F}"
EndProject
Global
	GlobalSection(SolutionConfigurationPlatforms) = preSolution
		Debug|Any CPU = Debug|Any CPU
		Release|Any CPU = Release|Any CPU
	EndGlobalSection
	GlobalSection(ProjectConfigurationPlatforms) = postSolution
		{BCB28185-3D09-4D8E-9D20-3AEA8007F37D}.Debug|Any CPU.ActiveCfg = Debug|Any CPU
		{BCB28185-3D09-4D8E-9D20-3AEA8007F37D}.Debug|Any CPU.Build.0 = Debug|Any CPU
		{BCB28185-3D09-4D8E-9D20-3AEA8007F37D}.Release|Any CPU.ActiveCfg = Release|Any CPU
		{BCB28185-3D09-4D8E-9D20-3AEA8007F37D}.Release|Any CPU.Build.0 = Release|Any CPU
		{3262D2F3-FD20-4EC6-84F6-12AE3CB5601F}.Debug|Any CPU.ActiveCfg = Debug|Any CPU
		{3262D2F3-FD20-4EC6-84F6-12AE3CB5601F}.Debug|Any CPU.Build.0 = Debug|Any CPU
		{3262D2F3-FD20-4EC6-84F6-12AE3CB5601F}.Release|Any CPU.ActiveCfg = Release|Any CPU
		{3262D2F3-FD20-4EC6-84F6-12AE3CB5601F}.Release|Any CPU.Build.0 = Release|Any CPU
	EndGlobalSection
	GlobalSection(SolutionProperties) = preSolution
		HideSolutionNode = FALSE
	EndGlobalSection
	GlobalSection(ExtensibilityGlobals) = postSolution
		SolutionGuid = {AC677CE9-C83B-4807-A6A4-49AF0D5B7FDF}
	EndGlobalSection
EndGlobal
